
Microsoft Visual Studio Solution File, Format Version 12.00
# Visual Studio 15
VisualStudioVersion = 15.0.26430.15
MinimumVisualStudioVersion = 10.0.40219.1
Project("{FAE04EC0-301F-11D3-BF4B-00C04F79EFBC}") = "TShirtApp", "TShirtApp\TShirtApp.csproj", "{D653A8DB-E090-4C8E-A5F3-16C14731ED91}"
EndProject
Project("{FAE04EC0-301F-11D3-BF4B-00C04F79EFBC}") = "TShirtAppTest", "TShirtAppTest\TShirtAppTest.csproj", "{EEEEFB53-4D59-4E5F-9B26-B8C209CC2F8F}"
EndProject
Global
	GlobalSection(SolutionConfigurationPlatforms) = preSolution
		Debug|Any CPU = Debug|Any CPU
		Release|Any CPU = Release|Any CPU
	EndGlobalSection
	GlobalSection(ProjectConfigurationPlatforms) = postSolution
		{D653A8DB-E090-4C8E-A5F3-16C14731ED91}.Debug|Any CPU.ActiveCfg = Debug|Any CPU
		{D653A8DB-E090-4C8E-A5F3-16C14731ED91}.Debug|Any CPU.Build.0 = Debug|Any CPU
		{D653A8DB-E090-4C8E-A5F3-16C14731ED91}.Release|Any CPU.ActiveCfg = Release|Any CPU
		{D653A8DB-E090-4C8E-A5F3-16C14731ED91}.Release|Any CPU.Build.0 = Release|Any CPU
		{EEEEFB53-4D59-4E5F-9B26-B8C209CC2F8F}.Debug|Any CPU.ActiveCfg = Debug|Any CPU
		{EEEEFB53-4D59-4E5F-9B26-B8C209CC2F8F}.Debug|Any CPU.Build.0 = Debug|Any CPU
		{EEEEFB53-4D59-4E5F-9B26-B8C209CC2F8F}.Release|Any CPU.ActiveCfg = Release|Any CPU
		{EEEEFB53-4D59-4E5F-9B26-B8C209CC2F8F}.Release|Any CPU.Build.0 = Release|Any CPU
	EndGlobalSection
	GlobalSection(SolutionProperties) = preSolution
		HideSolutionNode = FALSE
	EndGlobalSection
EndGlobal
